
Microsoft Visual Studio Solution File, Format Version 12.00
# Visual Studio Version 16
VisualStudioVersion = 16.0.31105.61
MinimumVisualStudioVersion = 10.0.40219.1
Project("{2150E333-8FDC-42A3-9474-1A3956D46DE8}") = "Inventory", "Inventory", "{7BC24085-4CE1-4DCB-B592-C0CA65A7DDED}"
EndProject
Project("{9A19103F-16F7-4668-BE54-9A1E7A4F7556}") = "Inventory", "Inventory\Inventory.csproj", "{07A2C4C6-8342-4CD7-9A24-A70D64729B5C}"
EndProject
Project("{E53339B2-1760-4266-BCC7-CA923CBCF16C}") = "docker-compose", "docker-compose.dcproj", "{95D28123-6C23-4CB3-8AE6-56C7D40ED46A}"
EndProject
Project("{2150E333-8FDC-42A3-9474-1A3956D46DE8}") = "Order", "Order", "{452F439D-8564-4496-AC48-C8403789498E}"
EndProject
Project("{9A19103F-16F7-4668-BE54-9A1E7A4F7556}") = "Dal", "Order\Dal\Dal.csproj", "{0BC72317-5EB6-47D4-AD06-B74990FAA05C}"
EndProject
Project("{9A19103F-16F7-4668-BE54-9A1E7A4F7556}") = "Domain", "Order\Domain\Domain.csproj", "{27A3E72A-6DA3-463F-BD46-8675103833DC}"
EndProject
Project("{9A19103F-16F7-4668-BE54-9A1E7A4F7556}") = "Web", "Order\Web\Web.csproj", "{A7AB2790-00AE-4830-B9EE-B932D4258603}"
EndProject
Project("{2150E333-8FDC-42A3-9474-1A3956D46DE8}") = "User", "User", "{C7343BFB-8611-4AA1-ACC1-C09D0F9E9D85}"
EndProject
Project("{9A19103F-16F7-4668-BE54-9A1E7A4F7556}") = "Dal", "User\Dal\Dal.csproj", "{F1B7CF0F-794E-45D9-8FEA-2DDE5E86F726}"
EndProject
Project("{9A19103F-16F7-4668-BE54-9A1E7A4F7556}") = "Web", "User\Web\Web.csproj", "{B734163D-8DD0-464D-956C-A7734DC00EF0}"
EndProject
Project("{9A19103F-16F7-4668-BE54-9A1E7A4F7556}") = "Domain", "User\Domain\Domain.csproj", "{0919D220-8676-4597-B50B-CF1AAA2B2AFF}"
EndProject
Project("{2150E333-8FDC-42A3-9474-1A3956D46DE8}") = "Common", "Common", "{1868CBC8-BE5D-4397-908A-00C0673515D5}"
EndProject
Project("{9A19103F-16F7-4668-BE54-9A1E7A4F7556}") = "Common", "Common\Common\Common.csproj", "{21A497FD-B269-4AAD-85C0-9ED9D2CB1051}"
EndProject
Project("{2150E333-8FDC-42A3-9474-1A3956D46DE8}") = "Mail", "Mail", "{6343C602-84CA-44D3-B574-A8F267EB8074}"
EndProject
Project("{FAE04EC0-301F-11D3-BF4B-00C04F79EFBC}") = "Mail", "Mail\Mail.csproj", "{50451B98-CB8B-4B68-A3EF-92CF0F5BC0D8}"
EndProject
Global
	GlobalSection(SolutionConfigurationPlatforms) = preSolution
		Debug|Any CPU = Debug|Any CPU
		Release|Any CPU = Release|Any CPU
	EndGlobalSection
	GlobalSection(ProjectConfigurationPlatforms) = postSolution
		{07A2C4C6-8342-4CD7-9A24-A70D64729B5C}.Debug|Any CPU.ActiveCfg = Debug|Any CPU
		{07A2C4C6-8342-4CD7-9A24-A70D64729B5C}.Debug|Any CPU.Build.0 = Debug|Any CPU
		{07A2C4C6-8342-4CD7-9A24-A70D64729B5C}.Release|Any CPU.ActiveCfg = Release|Any CPU
		{07A2C4C6-8342-4CD7-9A24-A70D64729B5C}.Release|Any CPU.Build.0 = Release|Any CPU
		{95D28123-6C23-4CB3-8AE6-56C7D40ED46A}.Debug|Any CPU.ActiveCfg = Debug|Any CPU
		{95D28123-6C23-4CB3-8AE6-56C7D40ED46A}.Debug|Any CPU.Build.0 = Debug|Any CPU
		{95D28123-6C23-4CB3-8AE6-56C7D40ED46A}.Release|Any CPU.ActiveCfg = Release|Any CPU
		{95D28123-6C23-4CB3-8AE6-56C7D40ED46A}.Release|Any CPU.Build.0 = Release|Any CPU
		{0BC72317-5EB6-47D4-AD06-B74990FAA05C}.Debug|Any CPU.ActiveCfg = Debug|Any CPU
		{0BC72317-5EB6-47D4-AD06-B74990FAA05C}.Debug|Any CPU.Build.0 = Debug|Any CPU
		{0BC72317-5EB6-47D4-AD06-B74990FAA05C}.Release|Any CPU.ActiveCfg = Release|Any CPU
		{0BC72317-5EB6-47D4-AD06-B74990FAA05C}.Release|Any CPU.Build.0 = Release|Any CPU
		{27A3E72A-6DA3-463F-BD46-8675103833DC}.Debug|Any CPU.ActiveCfg = Debug|Any CPU
		{27A3E72A-6DA3-463F-BD46-8675103833DC}.Debug|Any CPU.Build.0 = Debug|Any CPU
		{27A3E72A-6DA3-463F-BD46-8675103833DC}.Release|Any CPU.ActiveCfg = Release|Any CPU
		{27A3E72A-6DA3-463F-BD46-8675103833DC}.Release|Any CPU.Build.0 = Release|Any CPU
		{A7AB2790-00AE-4830-B9EE-B932D4258603}.Debug|Any CPU.ActiveCfg = Debug|Any CPU
		{A7AB2790-00AE-4830-B9EE-B932D4258603}.Debug|Any CPU.Build.0 = Debug|Any CPU
		{A7AB2790-00AE-4830-B9EE-B932D4258603}.Release|Any CPU.ActiveCfg = Release|Any CPU
		{A7AB2790-00AE-4830-B9EE-B932D4258603}.Release|Any CPU.Build.0 = Release|Any CPU
		{F1B7CF0F-794E-45D9-8FEA-2DDE5E86F726}.Debug|Any CPU.ActiveCfg = Debug|Any CPU
		{F1B7CF0F-794E-45D9-8FEA-2DDE5E86F726}.Debug|Any CPU.Build.0 = Debug|Any CPU
		{F1B7CF0F-794E-45D9-8FEA-2DDE5E86F726}.Release|Any CPU.ActiveCfg = Release|Any CPU
		{F1B7CF0F-794E-45D9-8FEA-2DDE5E86F726}.Release|Any CPU.Build.0 = Release|Any CPU
		{B734163D-8DD0-464D-956C-A7734DC00EF0}.Debug|Any CPU.ActiveCfg = Debug|Any CPU
		{B734163D-8DD0-464D-956C-A7734DC00EF0}.Debug|Any CPU.Build.0 = Debug|Any CPU
		{B734163D-8DD0-464D-956C-A7734DC00EF0}.Release|Any CPU.ActiveCfg = Release|Any CPU
		{B734163D-8DD0-464D-956C-A7734DC00EF0}.Release|Any CPU.Build.0 = Release|Any CPU
		{0919D220-8676-4597-B50B-CF1AAA2B2AFF}.Debug|Any CPU.ActiveCfg = Debug|Any CPU
		{0919D220-8676-4597-B50B-CF1AAA2B2AFF}.Debug|Any CPU.Build.0 = Debug|Any CPU
		{0919D220-8676-4597-B50B-CF1AAA2B2AFF}.Release|Any CPU.ActiveCfg = Release|Any CPU
		{0919D220-8676-4597-B50B-CF1AAA2B2AFF}.Release|Any CPU.Build.0 = Release|Any CPU
		{21A497FD-B269-4AAD-85C0-9ED9D2CB1051}.Debug|Any CPU.ActiveCfg = Debug|Any CPU
		{21A497FD-B269-4AAD-85C0-9ED9D2CB1051}.Debug|Any CPU.Build.0 = Debug|Any CPU
		{21A497FD-B269-4AAD-85C0-9ED9D2CB1051}.Release|Any CPU.ActiveCfg = Release|Any CPU
		{21A497FD-B269-4AAD-85C0-9ED9D2CB1051}.Release|Any CPU.Build.0 = Release|Any CPU
		{50451B98-CB8B-4B68-A3EF-92CF0F5BC0D8}.Debug|Any CPU.ActiveCfg = Debug|Any CPU
		{50451B98-CB8B-4B68-A3EF-92CF0F5BC0D8}.Debug|Any CPU.Build.0 = Debug|Any CPU
		{50451B98-CB8B-4B68-A3EF-92CF0F5BC0D8}.Release|Any CPU.ActiveCfg = Release|Any CPU
		{50451B98-CB8B-4B68-A3EF-92CF0F5BC0D8}.Release|Any CPU.Build.0 = Release|Any CPU
	EndGlobalSection
	GlobalSection(SolutionProperties) = preSolution
		HideSolutionNode = FALSE
	EndGlobalSection
	GlobalSection(NestedProjects) = preSolution
		{07A2C4C6-8342-4CD7-9A24-A70D64729B5C} = {7BC24085-4CE1-4DCB-B592-C0CA65A7DDED}
		{0BC72317-5EB6-47D4-AD06-B74990FAA05C} = {452F439D-8564-4496-AC48-C8403789498E}
		{27A3E72A-6DA3-463F-BD46-8675103833DC} = {452F439D-8564-4496-AC48-C8403789498E}
		{A7AB2790-00AE-4830-B9EE-B932D4258603} = {452F439D-8564-4496-AC48-C8403789498E}
		{F1B7CF0F-794E-45D9-8FEA-2DDE5E86F726} = {C7343BFB-8611-4AA1-ACC1-C09D0F9E9D85}
		{B734163D-8DD0-464D-956C-A7734DC00EF0} = {C7343BFB-8611-4AA1-ACC1-C09D0F9E9D85}
		{0919D220-8676-4597-B50B-CF1AAA2B2AFF} = {C7343BFB-8611-4AA1-ACC1-C09D0F9E9D85}
		{21A497FD-B269-4AAD-85C0-9ED9D2CB1051} = {1868CBC8-BE5D-4397-908A-00C0673515D5}
		{50451B98-CB8B-4B68-A3EF-92CF0F5BC0D8} = {6343C602-84CA-44D3-B574-A8F267EB8074}
	EndGlobalSection
	GlobalSection(ExtensibilityGlobals) = postSolution
		SolutionGuid = {07B2CFB0-4AEF-41AE-BAF2-734ED87C0BF8}
	EndGlobalSection
EndGlobal
