
Microsoft Visual Studio Solution File, Format Version 12.00
# Visual Studio Version 17
VisualStudioVersion = 17.1.32210.238
MinimumVisualStudioVersion = 10.0.40219.1
Project("{2150E333-8FDC-42A3-9474-1A3956D46DE8}") = "Inventory", "Inventory", "{7BC24085-4CE1-4DCB-B592-C0CA65A7DDED}"
EndProject
Project("{9A19103F-16F7-4668-BE54-9A1E7A4F7556}") = "Inventory", "Inventory\Inventory.csproj", "{07A2C4C6-8342-4CD7-9A24-A70D64729B5C}"
EndProject
Project("{E53339B2-1760-4266-BCC7-CA923CBCF16C}") = "docker-compose", "docker-compose.dcproj", "{95D28123-6C23-4CB3-8AE6-56C7D40ED46A}"
EndProject
Project("{2150E333-8FDC-42A3-9474-1A3956D46DE8}") = "Order", "Order", "{452F439D-8564-4496-AC48-C8403789498E}"
EndProject
Project("{9A19103F-16F7-4668-BE54-9A1E7A4F7556}") = "Dal", "Order\Dal\Dal.csproj", "{0BC72317-5EB6-47D4-AD06-B74990FAA05C}"
EndProject
Project("{9A19103F-16F7-4668-BE54-9A1E7A4F7556}") = "Domain", "Order\Domain\Domain.csproj", "{27A3E72A-6DA3-463F-BD46-8675103833DC}"
EndProject
Project("{9A19103F-16F7-4668-BE54-9A1E7A4F7556}") = "Web", "Order\Web\Web.csproj", "{A7AB2790-00AE-4830-B9EE-B932D4258603}"
EndProject
Project("{2150E333-8FDC-42A3-9474-1A3956D46DE8}") = "User", "User", "{C7343BFB-8611-4AA1-ACC1-C09D0F9E9D85}"
EndProject
Project("{9A19103F-16F7-4668-BE54-9A1E7A4F7556}") = "Dal", "User\Dal\Dal.csproj", "{F1B7CF0F-794E-45D9-8FEA-2DDE5E86F726}"
EndProject
Project("{9A19103F-16F7-4668-BE54-9A1E7A4F7556}") = "Web", "User\Web\Web.csproj", "{B734163D-8DD0-464D-956C-A7734DC00EF0}"
EndProject
Project("{9A19103F-16F7-4668-BE54-9A1E7A4F7556}") = "Domain", "User\Domain\Domain.csproj", "{0919D220-8676-4597-B50B-CF1AAA2B2AFF}"
EndProject
Project("{2150E333-8FDC-42A3-9474-1A3956D46DE8}") = "Common", "Common", "{1868CBC8-BE5D-4397-908A-00C0673515D5}"
EndProject
Project("{9A19103F-16F7-4668-BE54-9A1E7A4F7556}") = "Common", "Common\Common\Common.csproj", "{21A497FD-B269-4AAD-85C0-9ED9D2CB1051}"
EndProject
Project("{2150E333-8FDC-42A3-9474-1A3956D46DE8}") = "Mail", "Mail", "{6343C602-84CA-44D3-B574-A8F267EB8074}"
EndProject
Project("{9A19103F-16F7-4668-BE54-9A1E7A4F7556}") = "Mail", "Mail\Mail.csproj", "{50451B98-CB8B-4B68-A3EF-92CF0F5BC0D8}"
EndProject
Project("{2150E333-8FDC-42A3-9474-1A3956D46DE8}") = "Web", "Web", "{4E4EB187-2501-4815-ABE4-F2B3D5A556C2}"
EndProject
Project("{9A19103F-16F7-4668-BE54-9A1E7A4F7556}") = "Web", "Web\Web.csproj", "{0C3E0477-4198-4CFF-8E56-D4F3F1ECC5D9}"
EndProject
Project("{2150E333-8FDC-42A3-9474-1A3956D46DE8}") = "Invoice", "Invoice", "{AB617489-128E-4FF3-B015-791260F5F8B4}"
EndProject
Project("{9A19103F-16F7-4668-BE54-9A1E7A4F7556}") = "Web", "Invoice\Web\Web.csproj", "{837979EF-843F-485D-88F6-E2DC0A4515CB}"
EndProject
Project("{9A19103F-16F7-4668-BE54-9A1E7A4F7556}") = "Dal", "Invoice\Dal\Dal.csproj", "{A4568A4E-DC81-42CD-A36F-781156D5B814}"
EndProject
Project("{9A19103F-16F7-4668-BE54-9A1E7A4F7556}") = "Domain", "Invoice\Domain\Domain.csproj", "{0C4DA0B5-72CF-46A4-A1DC-9DBAAD27E7AC}"
EndProject
Project("{FAE04EC0-301F-11D3-BF4B-00C04F79EFBC}") = "Mapping", "User\Mapping\Mapping.csproj", "{5F85AA79-2314-4DAB-81A5-095A9863F992}"
EndProject
Project("{FAE04EC0-301F-11D3-BF4B-00C04F79EFBC}") = "Mapping", "Order\Mapping\Mapping.csproj", "{F64AF421-00EC-4F99-9EAF-0F25717A7755}"
EndProject
Project("{FAE04EC0-301F-11D3-BF4B-00C04F79EFBC}") = "Mapping", "Invoice\Mapping\Mapping.csproj", "{D16FE5DF-6595-4B22-8F9F-09F4DA5BBFFF}"
EndProject
Global
	GlobalSection(SolutionConfigurationPlatforms) = preSolution
		Debug|Any CPU = Debug|Any CPU
		Release|Any CPU = Release|Any CPU
	EndGlobalSection
	GlobalSection(ProjectConfigurationPlatforms) = postSolution
		{07A2C4C6-8342-4CD7-9A24-A70D64729B5C}.Debug|Any CPU.ActiveCfg = Debug|Any CPU
		{07A2C4C6-8342-4CD7-9A24-A70D64729B5C}.Debug|Any CPU.Build.0 = Debug|Any CPU
		{07A2C4C6-8342-4CD7-9A24-A70D64729B5C}.Release|Any CPU.ActiveCfg = Release|Any CPU
		{07A2C4C6-8342-4CD7-9A24-A70D64729B5C}.Release|Any CPU.Build.0 = Release|Any CPU
		{95D28123-6C23-4CB3-8AE6-56C7D40ED46A}.Debug|Any CPU.ActiveCfg = Debug|Any CPU
		{95D28123-6C23-4CB3-8AE6-56C7D40ED46A}.Debug|Any CPU.Build.0 = Debug|Any CPU
		{95D28123-6C23-4CB3-8AE6-56C7D40ED46A}.Release|Any CPU.ActiveCfg = Release|Any CPU
		{95D28123-6C23-4CB3-8AE6-56C7D40ED46A}.Release|Any CPU.Build.0 = Release|Any CPU
		{0BC72317-5EB6-47D4-AD06-B74990FAA05C}.Debug|Any CPU.ActiveCfg = Debug|Any CPU
		{0BC72317-5EB6-47D4-AD06-B74990FAA05C}.Debug|Any CPU.Build.0 = Debug|Any CPU
		{0BC72317-5EB6-47D4-AD06-B74990FAA05C}.Release|Any CPU.ActiveCfg = Release|Any CPU
		{0BC72317-5EB6-47D4-AD06-B74990FAA05C}.Release|Any CPU.Build.0 = Release|Any CPU
		{27A3E72A-6DA3-463F-BD46-8675103833DC}.Debug|Any CPU.ActiveCfg = Debug|Any CPU
		{27A3E72A-6DA3-463F-BD46-8675103833DC}.Debug|Any CPU.Build.0 = Debug|Any CPU
		{27A3E72A-6DA3-463F-BD46-8675103833DC}.Release|Any CPU.ActiveCfg = Release|Any CPU
		{27A3E72A-6DA3-463F-BD46-8675103833DC}.Release|Any CPU.Build.0 = Release|Any CPU
		{A7AB2790-00AE-4830-B9EE-B932D4258603}.Debug|Any CPU.ActiveCfg = Debug|Any CPU
		{A7AB2790-00AE-4830-B9EE-B932D4258603}.Debug|Any CPU.Build.0 = Debug|Any CPU
		{A7AB2790-00AE-4830-B9EE-B932D4258603}.Release|Any CPU.ActiveCfg = Release|Any CPU
		{A7AB2790-00AE-4830-B9EE-B932D4258603}.Release|Any CPU.Build.0 = Release|Any CPU
		{F1B7CF0F-794E-45D9-8FEA-2DDE5E86F726}.Debug|Any CPU.ActiveCfg = Debug|Any CPU
		{F1B7CF0F-794E-45D9-8FEA-2DDE5E86F726}.Debug|Any CPU.Build.0 = Debug|Any CPU
		{F1B7CF0F-794E-45D9-8FEA-2DDE5E86F726}.Release|Any CPU.ActiveCfg = Release|Any CPU
		{F1B7CF0F-794E-45D9-8FEA-2DDE5E86F726}.Release|Any CPU.Build.0 = Release|Any CPU
		{B734163D-8DD0-464D-956C-A7734DC00EF0}.Debug|Any CPU.ActiveCfg = Debug|Any CPU
		{B734163D-8DD0-464D-956C-A7734DC00EF0}.Debug|Any CPU.Build.0 = Debug|Any CPU
		{B734163D-8DD0-464D-956C-A7734DC00EF0}.Release|Any CPU.ActiveCfg = Release|Any CPU
		{B734163D-8DD0-464D-956C-A7734DC00EF0}.Release|Any CPU.Build.0 = Release|Any CPU
		{0919D220-8676-4597-B50B-CF1AAA2B2AFF}.Debug|Any CPU.ActiveCfg = Debug|Any CPU
		{0919D220-8676-4597-B50B-CF1AAA2B2AFF}.Debug|Any CPU.Build.0 = Debug|Any CPU
		{0919D220-8676-4597-B50B-CF1AAA2B2AFF}.Release|Any CPU.ActiveCfg = Release|Any CPU
		{0919D220-8676-4597-B50B-CF1AAA2B2AFF}.Release|Any CPU.Build.0 = Release|Any CPU
		{21A497FD-B269-4AAD-85C0-9ED9D2CB1051}.Debug|Any CPU.ActiveCfg = Debug|Any CPU
		{21A497FD-B269-4AAD-85C0-9ED9D2CB1051}.Debug|Any CPU.Build.0 = Debug|Any CPU
		{21A497FD-B269-4AAD-85C0-9ED9D2CB1051}.Release|Any CPU.ActiveCfg = Release|Any CPU
		{21A497FD-B269-4AAD-85C0-9ED9D2CB1051}.Release|Any CPU.Build.0 = Release|Any CPU
		{50451B98-CB8B-4B68-A3EF-92CF0F5BC0D8}.Debug|Any CPU.ActiveCfg = Debug|Any CPU
		{50451B98-CB8B-4B68-A3EF-92CF0F5BC0D8}.Debug|Any CPU.Build.0 = Debug|Any CPU
		{50451B98-CB8B-4B68-A3EF-92CF0F5BC0D8}.Release|Any CPU.ActiveCfg = Release|Any CPU
		{50451B98-CB8B-4B68-A3EF-92CF0F5BC0D8}.Release|Any CPU.Build.0 = Release|Any CPU
		{0C3E0477-4198-4CFF-8E56-D4F3F1ECC5D9}.Debug|Any CPU.ActiveCfg = Debug|Any CPU
		{0C3E0477-4198-4CFF-8E56-D4F3F1ECC5D9}.Debug|Any CPU.Build.0 = Debug|Any CPU
		{0C3E0477-4198-4CFF-8E56-D4F3F1ECC5D9}.Release|Any CPU.ActiveCfg = Release|Any CPU
		{0C3E0477-4198-4CFF-8E56-D4F3F1ECC5D9}.Release|Any CPU.Build.0 = Release|Any CPU
		{837979EF-843F-485D-88F6-E2DC0A4515CB}.Debug|Any CPU.ActiveCfg = Debug|Any CPU
		{837979EF-843F-485D-88F6-E2DC0A4515CB}.Debug|Any CPU.Build.0 = Debug|Any CPU
		{837979EF-843F-485D-88F6-E2DC0A4515CB}.Release|Any CPU.ActiveCfg = Release|Any CPU
		{837979EF-843F-485D-88F6-E2DC0A4515CB}.Release|Any CPU.Build.0 = Release|Any CPU
		{A4568A4E-DC81-42CD-A36F-781156D5B814}.Debug|Any CPU.ActiveCfg = Debug|Any CPU
		{A4568A4E-DC81-42CD-A36F-781156D5B814}.Debug|Any CPU.Build.0 = Debug|Any CPU
		{A4568A4E-DC81-42CD-A36F-781156D5B814}.Release|Any CPU.ActiveCfg = Release|Any CPU
		{A4568A4E-DC81-42CD-A36F-781156D5B814}.Release|Any CPU.Build.0 = Release|Any CPU
		{0C4DA0B5-72CF-46A4-A1DC-9DBAAD27E7AC}.Debug|Any CPU.ActiveCfg = Debug|Any CPU
		{0C4DA0B5-72CF-46A4-A1DC-9DBAAD27E7AC}.Debug|Any CPU.Build.0 = Debug|Any CPU
		{0C4DA0B5-72CF-46A4-A1DC-9DBAAD27E7AC}.Release|Any CPU.ActiveCfg = Release|Any CPU
		{0C4DA0B5-72CF-46A4-A1DC-9DBAAD27E7AC}.Release|Any CPU.Build.0 = Release|Any CPU
		{5F85AA79-2314-4DAB-81A5-095A9863F992}.Debug|Any CPU.ActiveCfg = Debug|Any CPU
		{5F85AA79-2314-4DAB-81A5-095A9863F992}.Debug|Any CPU.Build.0 = Debug|Any CPU
		{5F85AA79-2314-4DAB-81A5-095A9863F992}.Release|Any CPU.ActiveCfg = Release|Any CPU
		{5F85AA79-2314-4DAB-81A5-095A9863F992}.Release|Any CPU.Build.0 = Release|Any CPU
		{F64AF421-00EC-4F99-9EAF-0F25717A7755}.Debug|Any CPU.ActiveCfg = Debug|Any CPU
		{F64AF421-00EC-4F99-9EAF-0F25717A7755}.Debug|Any CPU.Build.0 = Debug|Any CPU
		{F64AF421-00EC-4F99-9EAF-0F25717A7755}.Release|Any CPU.ActiveCfg = Release|Any CPU
		{F64AF421-00EC-4F99-9EAF-0F25717A7755}.Release|Any CPU.Build.0 = Release|Any CPU
		{D16FE5DF-6595-4B22-8F9F-09F4DA5BBFFF}.Debug|Any CPU.ActiveCfg = Debug|Any CPU
		{D16FE5DF-6595-4B22-8F9F-09F4DA5BBFFF}.Debug|Any CPU.Build.0 = Debug|Any CPU
		{D16FE5DF-6595-4B22-8F9F-09F4DA5BBFFF}.Release|Any CPU.ActiveCfg = Release|Any CPU
		{D16FE5DF-6595-4B22-8F9F-09F4DA5BBFFF}.Release|Any CPU.Build.0 = Release|Any CPU
	EndGlobalSection
	GlobalSection(SolutionProperties) = preSolution
		HideSolutionNode = FALSE
	EndGlobalSection
	GlobalSection(NestedProjects) = preSolution
		{07A2C4C6-8342-4CD7-9A24-A70D64729B5C} = {7BC24085-4CE1-4DCB-B592-C0CA65A7DDED}
		{0BC72317-5EB6-47D4-AD06-B74990FAA05C} = {452F439D-8564-4496-AC48-C8403789498E}
		{27A3E72A-6DA3-463F-BD46-8675103833DC} = {452F439D-8564-4496-AC48-C8403789498E}
		{A7AB2790-00AE-4830-B9EE-B932D4258603} = {452F439D-8564-4496-AC48-C8403789498E}
		{F1B7CF0F-794E-45D9-8FEA-2DDE5E86F726} = {C7343BFB-8611-4AA1-ACC1-C09D0F9E9D85}
		{B734163D-8DD0-464D-956C-A7734DC00EF0} = {C7343BFB-8611-4AA1-ACC1-C09D0F9E9D85}
		{0919D220-8676-4597-B50B-CF1AAA2B2AFF} = {C7343BFB-8611-4AA1-ACC1-C09D0F9E9D85}
		{21A497FD-B269-4AAD-85C0-9ED9D2CB1051} = {1868CBC8-BE5D-4397-908A-00C0673515D5}
		{50451B98-CB8B-4B68-A3EF-92CF0F5BC0D8} = {6343C602-84CA-44D3-B574-A8F267EB8074}
		{0C3E0477-4198-4CFF-8E56-D4F3F1ECC5D9} = {4E4EB187-2501-4815-ABE4-F2B3D5A556C2}
		{837979EF-843F-485D-88F6-E2DC0A4515CB} = {AB617489-128E-4FF3-B015-791260F5F8B4}
		{A4568A4E-DC81-42CD-A36F-781156D5B814} = {AB617489-128E-4FF3-B015-791260F5F8B4}
		{0C4DA0B5-72CF-46A4-A1DC-9DBAAD27E7AC} = {AB617489-128E-4FF3-B015-791260F5F8B4}
		{5F85AA79-2314-4DAB-81A5-095A9863F992} = {C7343BFB-8611-4AA1-ACC1-C09D0F9E9D85}
		{F64AF421-00EC-4F99-9EAF-0F25717A7755} = {452F439D-8564-4496-AC48-C8403789498E}
		{D16FE5DF-6595-4B22-8F9F-09F4DA5BBFFF} = {AB617489-128E-4FF3-B015-791260F5F8B4}
	EndGlobalSection
	GlobalSection(ExtensibilityGlobals) = postSolution
		SolutionGuid = {07B2CFB0-4AEF-41AE-BAF2-734ED87C0BF8}
	EndGlobalSection
EndGlobal
